// !$*UTF8*$!
{
	archiveVersion = 1;
	classes = {
	};
	objectVersion = 48;
	objects = {

/* Begin PBXBuildFile section */
		6023097931CBA37438C503FD /* Pods_Firebase_snapchat.framework in Frameworks */ = {isa = PBXBuildFile; fileRef = 06EDF9564B40FFEC0F62ABEE /* Pods_Firebase_snapchat.framework */; };
		682981C01FBAFA5E00183CB6 /* AppDelegate.swift in Sources */ = {isa = PBXBuildFile; fileRef = 682981BF1FBAFA5E00183CB6 /* AppDelegate.swift */; };
		682981C21FBAFA5E00183CB6 /* SignInViewController.swift in Sources */ = {isa = PBXBuildFile; fileRef = 682981C11FBAFA5E00183CB6 /* SignInViewController.swift */; };
		682981C51FBAFA5E00183CB6 /* Main.storyboard in Resources */ = {isa = PBXBuildFile; fileRef = 682981C31FBAFA5E00183CB6 /* Main.storyboard */; };
		682981CA1FBAFA5E00183CB6 /* Assets.xcassets in Resources */ = {isa = PBXBuildFile; fileRef = 682981C91FBAFA5E00183CB6 /* Assets.xcassets */; };
		682981CD1FBAFA5E00183CB6 /* LaunchScreen.storyboard in Resources */ = {isa = PBXBuildFile; fileRef = 682981CB1FBAFA5E00183CB6 /* LaunchScreen.storyboard */; };
		682981D51FBB0BAF00183CB6 /* GoogleService-Info.plist in Resources */ = {isa = PBXBuildFile; fileRef = 682981D41FBB0BAF00183CB6 /* GoogleService-Info.plist */; };
		684934741FBB24D500B05430 /* SnapsViewController.swift in Sources */ = {isa = PBXBuildFile; fileRef = 684934731FBB24D500B05430 /* SnapsViewController.swift */; };
		684934761FBB271300B05430 /* AddSnapViewController.swift in Sources */ = {isa = PBXBuildFile; fileRef = 684934751FBB271300B05430 /* AddSnapViewController.swift */; };
		684934781FBB4D7000B05430 /* SelectUserViewController.swift in Sources */ = {isa = PBXBuildFile; fileRef = 684934771FBB4D7000B05430 /* SelectUserViewController.swift */; };
/* End PBXBuildFile section */

/* Begin PBXFileReference section */
		06EDF9564B40FFEC0F62ABEE /* Pods_Firebase_snapchat.framework */ = {isa = PBXFileReference; explicitFileType = wrapper.framework; includeInIndex = 0; path = Pods_Firebase_snapchat.framework; sourceTree = BUILT_PRODUCTS_DIR; };
		682981BC1FBAFA5E00183CB6 /* Firebase-snapchat.app */ = {isa = PBXFileReference; explicitFileType = wrapper.application; includeInIndex = 0; path = "Firebase-snapchat.app"; sourceTree = BUILT_PRODUCTS_DIR; };
		682981BF1FBAFA5E00183CB6 /* AppDelegate.swift */ = {isa = PBXFileReference; lastKnownFileType = sourcecode.swift; path = AppDelegate.swift; sourceTree = "<group>"; };
		682981C11FBAFA5E00183CB6 /* SignInViewController.swift */ = {isa = PBXFileReference; lastKnownFileType = sourcecode.swift; path = SignInViewController.swift; sourceTree = "<group>"; };
		682981C41FBAFA5E00183CB6 /* Base */ = {isa = PBXFileReference; lastKnownFileType = file.storyboard; name = Base; path = Base.lproj/Main.storyboard; sourceTree = "<group>"; };
		682981C91FBAFA5E00183CB6 /* Assets.xcassets */ = {isa = PBXFileReference; lastKnownFileType = folder.assetcatalog; path = Assets.xcassets; sourceTree = "<group>"; };
		682981CC1FBAFA5E00183CB6 /* Base */ = {isa = PBXFileReference; lastKnownFileType = file.storyboard; name = Base; path = Base.lproj/LaunchScreen.storyboard; sourceTree = "<group>"; };
		682981CE1FBAFA5E00183CB6 /* Info.plist */ = {isa = PBXFileReference; lastKnownFileType = text.plist.xml; path = Info.plist; sourceTree = "<group>"; };
		682981D41FBB0BAF00183CB6 /* GoogleService-Info.plist */ = {isa = PBXFileReference; fileEncoding = 4; lastKnownFileType = text.plist.xml; path = "GoogleService-Info.plist"; sourceTree = "<group>"; };
		684934731FBB24D500B05430 /* SnapsViewController.swift */ = {isa = PBXFileReference; lastKnownFileType = sourcecode.swift; path = SnapsViewController.swift; sourceTree = "<group>"; };
		684934751FBB271300B05430 /* AddSnapViewController.swift */ = {isa = PBXFileReference; lastKnownFileType = sourcecode.swift; path = AddSnapViewController.swift; sourceTree = "<group>"; };
		684934771FBB4D7000B05430 /* SelectUserViewController.swift */ = {isa = PBXFileReference; lastKnownFileType = sourcecode.swift; path = SelectUserViewController.swift; sourceTree = "<group>"; };
		DD0CD01D7C788F727068DDF9 /* Pods-Firebase-snapchat.debug.xcconfig */ = {isa = PBXFileReference; includeInIndex = 1; lastKnownFileType = text.xcconfig; name = "Pods-Firebase-snapchat.debug.xcconfig"; path = "Pods/Target Support Files/Pods-Firebase-snapchat/Pods-Firebase-snapchat.debug.xcconfig"; sourceTree = "<group>"; };
		E1244C0AE41FD029D3EBC9A9 /* Pods-Firebase-snapchat.release.xcconfig */ = {isa = PBXFileReference; includeInIndex = 1; lastKnownFileType = text.xcconfig; name = "Pods-Firebase-snapchat.release.xcconfig"; path = "Pods/Target Support Files/Pods-Firebase-snapchat/Pods-Firebase-snapchat.release.xcconfig"; sourceTree = "<group>"; };
/* End PBXFileReference section */

/* Begin PBXFrameworksBuildPhase section */
		682981B91FBAFA5E00183CB6 /* Frameworks */ = {
			isa = PBXFrameworksBuildPhase;
			buildActionMask = 2147483647;
			files = (
				6023097931CBA37438C503FD /* Pods_Firebase_snapchat.framework in Frameworks */,
			);
			runOnlyForDeploymentPostprocessing = 0;
		};
/* End PBXFrameworksBuildPhase section */

/* Begin PBXGroup section */
		682981B31FBAFA5E00183CB6 = {
			isa = PBXGroup;
			children = (
				682981BE1FBAFA5E00183CB6 /* Firebase-snapchat */,
				682981BD1FBAFA5E00183CB6 /* Products */,
				6AA3A7603D51B8BD01BFAA36 /* Pods */,
				9D6B95401C56CF1FE621B704 /* Frameworks */,
			);
			sourceTree = "<group>";
		};
		682981BD1FBAFA5E00183CB6 /* Products */ = {
			isa = PBXGroup;
			children = (
				682981BC1FBAFA5E00183CB6 /* Firebase-snapchat.app */,
			);
			name = Products;
			sourceTree = "<group>";
		};
		682981BE1FBAFA5E00183CB6 /* Firebase-snapchat */ = {
			isa = PBXGroup;
			children = (
				682981BF1FBAFA5E00183CB6 /* AppDelegate.swift */,
				682981C11FBAFA5E00183CB6 /* SignInViewController.swift */,
				684934731FBB24D500B05430 /* SnapsViewController.swift */,
				684934751FBB271300B05430 /* AddSnapViewController.swift */,
				684934771FBB4D7000B05430 /* SelectUserViewController.swift */,
				682981C31FBAFA5E00183CB6 /* Main.storyboard */,
				682981C91FBAFA5E00183CB6 /* Assets.xcassets */,
				682981CB1FBAFA5E00183CB6 /* LaunchScreen.storyboard */,
				682981CE1FBAFA5E00183CB6 /* Info.plist */,
				682981D41FBB0BAF00183CB6 /* GoogleService-Info.plist */,
			);
			path = "Firebase-snapchat";
			sourceTree = "<group>";
		};
		6AA3A7603D51B8BD01BFAA36 /* Pods */ = {
			isa = PBXGroup;
			children = (
				DD0CD01D7C788F727068DDF9 /* Pods-Firebase-snapchat.debug.xcconfig */,
				E1244C0AE41FD029D3EBC9A9 /* Pods-Firebase-snapchat.release.xcconfig */,
			);
			name = Pods;
			sourceTree = "<group>";
		};
		9D6B95401C56CF1FE621B704 /* Frameworks */ = {
			isa = PBXGroup;
			children = (
				06EDF9564B40FFEC0F62ABEE /* Pods_Firebase_snapchat.framework */,
			);
			name = Frameworks;
			sourceTree = "<group>";
		};
/* End PBXGroup section */

/* Begin PBXNativeTarget section */
		682981BB1FBAFA5E00183CB6 /* Firebase-snapchat */ = {
			isa = PBXNativeTarget;
			buildConfigurationList = 682981D11FBAFA5E00183CB6 /* Build configuration list for PBXNativeTarget "Firebase-snapchat" */;
			buildPhases = (
				D509C406EA7649FE5A45B2DD /* [CP] Check Pods Manifest.lock */,
				682981B81FBAFA5E00183CB6 /* Sources */,
				682981B91FBAFA5E00183CB6 /* Frameworks */,
				682981BA1FBAFA5E00183CB6 /* Resources */,
				CE72F28B5F61948E847485E4 /* [CP] Embed Pods Frameworks */,
				FA105241E6D9BA43FD66683D /* [CP] Copy Pods Resources */,
			);
			buildRules = (
			);
			dependencies = (
			);
			name = "Firebase-snapchat";
			productName = "Firebase-snapchat";
			productReference = 682981BC1FBAFA5E00183CB6 /* Firebase-snapchat.app */;
			productType = "com.apple.product-type.application";
		};
/* End PBXNativeTarget section */

/* Begin PBXProject section */
		682981B41FBAFA5E00183CB6 /* Project object */ = {
			isa = PBXProject;
			attributes = {
				LastSwiftUpdateCheck = 0910;
				LastUpgradeCheck = 0910;
				ORGANIZATIONNAME = "Radoslav Hlinka";
				TargetAttributes = {
					682981BB1FBAFA5E00183CB6 = {
						CreatedOnToolsVersion = 9.1;
						ProvisioningStyle = Automatic;
					};
				};
			};
			buildConfigurationList = 682981B71FBAFA5E00183CB6 /* Build configuration list for PBXProject "Firebase-snapchat" */;
			compatibilityVersion = "Xcode 8.0";
			developmentRegion = en;
			hasScannedForEncodings = 0;
			knownRegions = (
				en,
				Base,
			);
			mainGroup = 682981B31FBAFA5E00183CB6;
			productRefGroup = 682981BD1FBAFA5E00183CB6 /* Products */;
			projectDirPath = "";
			projectRoot = "";
			targets = (
				682981BB1FBAFA5E00183CB6 /* Firebase-snapchat */,
			);
		};
/* End PBXProject section */

/* Begin PBXResourcesBuildPhase section */
		682981BA1FBAFA5E00183CB6 /* Resources */ = {
			isa = PBXResourcesBuildPhase;
			buildActionMask = 2147483647;
			files = (
				682981CD1FBAFA5E00183CB6 /* LaunchScreen.storyboard in Resources */,
				682981D51FBB0BAF00183CB6 /* GoogleService-Info.plist in Resources */,
				682981CA1FBAFA5E00183CB6 /* Assets.xcassets in Resources */,
				682981C51FBAFA5E00183CB6 /* Main.storyboard in Resources */,
			);
			runOnlyForDeploymentPostprocessing = 0;
		};
/* End PBXResourcesBuildPhase section */

/* Begin PBXShellScriptBuildPhase section */
		CE72F28B5F61948E847485E4 /* [CP] Embed Pods Frameworks */ = {
			isa = PBXShellScriptBuildPhase;
			buildActionMask = 2147483647;
			files = (
			);
			inputPaths = (
				"${SRCROOT}/Pods/Target Support Files/Pods-Firebase-snapchat/Pods-Firebase-snapchat-frameworks.sh",
				"${BUILT_PRODUCTS_DIR}/GTMSessionFetcher/GTMSessionFetcher.framework",
				"${BUILT_PRODUCTS_DIR}/GoogleToolboxForMac/GoogleToolboxForMac.framework",
				"${BUILT_PRODUCTS_DIR}/leveldb-library/leveldb.framework",
				"${BUILT_PRODUCTS_DIR}/nanopb/nanopb.framework",
			);
			name = "[CP] Embed Pods Frameworks";
			outputPaths = (
				"${TARGET_BUILD_DIR}/${FRAMEWORKS_FOLDER_PATH}/GTMSessionFetcher.framework",
				"${TARGET_BUILD_DIR}/${FRAMEWORKS_FOLDER_PATH}/GoogleToolboxForMac.framework",
				"${TARGET_BUILD_DIR}/${FRAMEWORKS_FOLDER_PATH}/leveldb.framework",
				"${TARGET_BUILD_DIR}/${FRAMEWORKS_FOLDER_PATH}/nanopb.framework",
			);
			runOnlyForDeploymentPostprocessing = 0;
			shellPath = /bin/sh;
			shellScript = "\"${SRCROOT}/Pods/Target Support Files/Pods-Firebase-snapchat/Pods-Firebase-snapchat-frameworks.sh\"\n";
			showEnvVarsInLog = 0;
		};
		D509C406EA7649FE5A45B2DD /* [CP] Check Pods Manifest.lock */ = {
			isa = PBXShellScriptBuildPhase;
			buildActionMask = 2147483647;
			files = (
			);
			inputPaths = (
				"${PODS_PODFILE_DIR_PATH}/Podfile.lock",
				"${PODS_ROOT}/Manifest.lock",
			);
			name = "[CP] Check Pods Manifest.lock";
			outputPaths = (
				"$(DERIVED_FILE_DIR)/Pods-Firebase-snapchat-checkManifestLockResult.txt",
			);
			runOnlyForDeploymentPostprocessing = 0;
			shellPath = /bin/sh;
			shellScript = "diff \"${PODS_PODFILE_DIR_PATH}/Podfile.lock\" \"${PODS_ROOT}/Manifest.lock\" > /dev/null\nif [ $? != 0 ] ; then\n    # print error to STDERR\n    echo \"error: The sandbox is not in sync with the Podfile.lock. Run 'pod install' or update your CocoaPods installation.\" >&2\n    exit 1\nfi\n# This output is used by Xcode 'outputs' to avoid re-running this script phase.\necho \"SUCCESS\" > \"${SCRIPT_OUTPUT_FILE_0}\"\n";
			showEnvVarsInLog = 0;
		};
		FA105241E6D9BA43FD66683D /* [CP] Copy Pods Resources */ = {
			isa = PBXShellScriptBuildPhase;
			buildActionMask = 2147483647;
			files = (
			);
			inputPaths = (
			);
			name = "[CP] Copy Pods Resources";
			outputPaths = (
			);
			runOnlyForDeploymentPostprocessing = 0;
			shellPath = /bin/sh;
			shellScript = "\"${SRCROOT}/Pods/Target Support Files/Pods-Firebase-snapchat/Pods-Firebase-snapchat-resources.sh\"\n";
			showEnvVarsInLog = 0;
		};
/* End PBXShellScriptBuildPhase section */

/* Begin PBXSourcesBuildPhase section */
		682981B81FBAFA5E00183CB6 /* Sources */ = {
			isa = PBXSourcesBuildPhase;
			buildActionMask = 2147483647;
			files = (
				684934761FBB271300B05430 /* AddSnapViewController.swift in Sources */,
				682981C21FBAFA5E00183CB6 /* SignInViewController.swift in Sources */,
				684934781FBB4D7000B05430 /* SelectUserViewController.swift in Sources */,
				682981C01FBAFA5E00183CB6 /* AppDelegate.swift in Sources */,
				684934741FBB24D500B05430 /* SnapsViewController.swift in Sources */,
			);
			runOnlyForDeploymentPostprocessing = 0;
		};
/* End PBXSourcesBuildPhase section */

/* Begin PBXVariantGroup section */
		682981C31FBAFA5E00183CB6 /* Main.storyboard */ = {
			isa = PBXVariantGroup;
			children = (
				682981C41FBAFA5E00183CB6 /* Base */,
			);
			name = Main.storyboard;
			sourceTree = "<group>";
		};
		682981CB1FBAFA5E00183CB6 /* LaunchScreen.storyboard */ = {
			isa = PBXVariantGroup;
			children = (
				682981CC1FBAFA5E00183CB6 /* Base */,
			);
			name = LaunchScreen.storyboard;
			sourceTree = "<group>";
		};
/* End PBXVariantGroup section */

/* Begin XCBuildConfiguration section */
		682981CF1FBAFA5E00183CB6 /* Debug */ = {
			isa = XCBuildConfiguration;
			buildSettings = {
				ALWAYS_SEARCH_USER_PATHS = NO;
				CLANG_ANALYZER_NONNULL = YES;
				CLANG_ANALYZER_NUMBER_OBJECT_CONVERSION = YES_AGGRESSIVE;
				CLANG_CXX_LANGUAGE_STANDARD = "gnu++14";
				CLANG_CXX_LIBRARY = "libc++";
				CLANG_ENABLE_MODULES = YES;
				CLANG_ENABLE_OBJC_ARC = YES;
				CLANG_WARN_BLOCK_CAPTURE_AUTORELEASING = YES;
				CLANG_WARN_BOOL_CONVERSION = YES;
				CLANG_WARN_COMMA = YES;
				CLANG_WARN_CONSTANT_CONVERSION = YES;
				CLANG_WARN_DIRECT_OBJC_ISA_USAGE = YES_ERROR;
				CLANG_WARN_DOCUMENTATION_COMMENTS = YES;
				CLANG_WARN_EMPTY_BODY = YES;
				CLANG_WARN_ENUM_CONVERSION = YES;
				CLANG_WARN_INFINITE_RECURSION = YES;
				CLANG_WARN_INT_CONVERSION = YES;
				CLANG_WARN_NON_LITERAL_NULL_CONVERSION = YES;
				CLANG_WARN_OBJC_LITERAL_CONVERSION = YES;
				CLANG_WARN_OBJC_ROOT_CLASS = YES_ERROR;
				CLANG_WARN_RANGE_LOOP_ANALYSIS = YES;
				CLANG_WARN_STRICT_PROTOTYPES = YES;
				CLANG_WARN_SUSPICIOUS_MOVE = YES;
				CLANG_WARN_UNGUARDED_AVAILABILITY = YES_AGGRESSIVE;
				CLANG_WARN_UNREACHABLE_CODE = YES;
				CLANG_WARN__DUPLICATE_METHOD_MATCH = YES;
				CODE_SIGN_IDENTITY = "iPhone Developer";
				COPY_PHASE_STRIP = NO;
				DEBUG_INFORMATION_FORMAT = dwarf;
				ENABLE_STRICT_OBJC_MSGSEND = YES;
				ENABLE_TESTABILITY = YES;
				GCC_C_LANGUAGE_STANDARD = gnu11;
				GCC_DYNAMIC_NO_PIC = NO;
				GCC_NO_COMMON_BLOCKS = YES;
				GCC_OPTIMIZATION_LEVEL = 0;
				GCC_PREPROCESSOR_DEFINITIONS = (
					"DEBUG=1",
					"$(inherited)",
				);
				GCC_WARN_64_TO_32_BIT_CONVERSION = YES;
				GCC_WARN_ABOUT_RETURN_TYPE = YES_ERROR;
				GCC_WARN_UNDECLARED_SELECTOR = YES;
				GCC_WARN_UNINITIALIZED_AUTOS = YES_AGGRESSIVE;
				GCC_WARN_UNUSED_FUNCTION = YES;
				GCC_WARN_UNUSED_VARIABLE = YES;
				IPHONEOS_DEPLOYMENT_TARGET = 11.1;
				MTL_ENABLE_DEBUG_INFO = YES;
				ONLY_ACTIVE_ARCH = YES;
				SDKROOT = iphoneos;
				SWIFT_ACTIVE_COMPILATION_CONDITIONS = DEBUG;
				SWIFT_OPTIMIZATION_LEVEL = "-Onone";
			};
			name = Debug;
		};
		682981D01FBAFA5E00183CB6 /* Release */ = {
			isa = XCBuildConfiguration;
			buildSettings = {
				ALWAYS_SEARCH_USER_PATHS = NO;
				CLANG_ANALYZER_NONNULL = YES;
				CLANG_ANALYZER_NUMBER_OBJECT_CONVERSION = YES_AGGRESSIVE;
				CLANG_CXX_LANGUAGE_STANDARD = "gnu++14";
				CLANG_CXX_LIBRARY = "libc++";
				CLANG_ENABLE_MODULES = YES;
				CLANG_ENABLE_OBJC_ARC = YES;
				CLANG_WARN_BLOCK_CAPTURE_AUTORELEASING = YES;
				CLANG_WARN_BOOL_CONVERSION = YES;
				CLANG_WARN_COMMA = YES;
				CLANG_WARN_CONSTANT_CONVERSION = YES;
				CLANG_WARN_DIRECT_OBJC_ISA_USAGE = YES_ERROR;
				CLANG_WARN_DOCUMENTATION_COMMENTS = YES;
				CLANG_WARN_EMPTY_BODY = YES;
				CLANG_WARN_ENUM_CONVERSION = YES;
				CLANG_WARN_INFINITE_RECURSION = YES;
				CLANG_WARN_INT_CONVERSION = YES;
				CLANG_WARN_NON_LITERAL_NULL_CONVERSION = YES;
				CLANG_WARN_OBJC_LITERAL_CONVERSION = YES;
				CLANG_WARN_OBJC_ROOT_CLASS = YES_ERROR;
				CLANG_WARN_RANGE_LOOP_ANALYSIS = YES;
				CLANG_WARN_STRICT_PROTOTYPES = YES;
				CLANG_WARN_SUSPICIOUS_MOVE = YES;
				CLANG_WARN_UNGUARDED_AVAILABILITY = YES_AGGRESSIVE;
				CLANG_WARN_UNREACHABLE_CODE = YES;
				CLANG_WARN__DUPLICATE_METHOD_MATCH = YES;
				CODE_SIGN_IDENTITY = "iPhone Developer";
				COPY_PHASE_STRIP = NO;
				DEBUG_INFORMATION_FORMAT = "dwarf-with-dsym";
				ENABLE_NS_ASSERTIONS = NO;
				ENABLE_STRICT_OBJC_MSGSEND = YES;
				GCC_C_LANGUAGE_STANDARD = gnu11;
				GCC_NO_COMMON_BLOCKS = YES;
				GCC_WARN_64_TO_32_BIT_CONVERSION = YES;
				GCC_WARN_ABOUT_RETURN_TYPE = YES_ERROR;
				GCC_WARN_UNDECLARED_SELECTOR = YES;
				GCC_WARN_UNINITIALIZED_AUTOS = YES_AGGRESSIVE;
				GCC_WARN_UNUSED_FUNCTION = YES;
				GCC_WARN_UNUSED_VARIABLE = YES;
				IPHONEOS_DEPLOYMENT_TARGET = 11.1;
				MTL_ENABLE_DEBUG_INFO = NO;
				SDKROOT = iphoneos;
				SWIFT_OPTIMIZATION_LEVEL = "-Owholemodule";
				VALIDATE_PRODUCT = YES;
			};
			name = Release;
		};
		682981D21FBAFA5E00183CB6 /* Debug */ = {
			isa = XCBuildConfiguration;
			baseConfigurationReference = DD0CD01D7C788F727068DDF9 /* Pods-Firebase-snapchat.debug.xcconfig */;
			buildSettings = {
				ASSETCATALOG_COMPILER_APPICON_NAME = AppIcon;
				CODE_SIGN_STYLE = Automatic;
				DEVELOPMENT_TEAM = 5LH3ZH362W;
				INFOPLIST_FILE = "Firebase-snapchat/Info.plist";
				IPHONEOS_DEPLOYMENT_TARGET = 10.0;
				LD_RUNPATH_SEARCH_PATHS = "$(inherited) @executable_path/Frameworks";
				PRODUCT_BUNDLE_IDENTIFIER = "com.radoslav.Firebase-snapchat";
				PRODUCT_NAME = "$(TARGET_NAME)";
				SWIFT_VERSION = 4.0;
				TARGETED_DEVICE_FAMILY = "1,2";
			};
			name = Debug;
		};
		682981D31FBAFA5E00183CB6 /* Release */ = {
			isa = XCBuildConfiguration;
			baseConfigurationReference = E1244C0AE41FD029D3EBC9A9 /* Pods-Firebase-snapchat.release.xcconfig */;
			buildSettings = {
				ASSETCATALOG_COMPILER_APPICON_NAME = AppIcon;
				CODE_SIGN_STYLE = Automatic;
				DEVELOPMENT_TEAM = 5LH3ZH362W;
				INFOPLIST_FILE = "Firebase-snapchat/Info.plist";
				IPHONEOS_DEPLOYMENT_TARGET = 10.0;
				LD_RUNPATH_SEARCH_PATHS = "$(inherited) @executable_path/Frameworks";
				PRODUCT_BUNDLE_IDENTIFIER = "com.radoslav.Firebase-snapchat";
				PRODUCT_NAME = "$(TARGET_NAME)";
				SWIFT_VERSION = 4.0;
				TARGETED_DEVICE_FAMILY = "1,2";
			};
			name = Release;
		};
/* End XCBuildConfiguration section */

/* Begin XCConfigurationList section */
		682981B71FBAFA5E00183CB6 /* Build configuration list for PBXProject "Firebase-snapchat" */ = {
			isa = XCConfigurationList;
			buildConfigurations = (
				682981CF1FBAFA5E00183CB6 /* Debug */,
				682981D01FBAFA5E00183CB6 /* Release */,
			);
			defaultConfigurationIsVisible = 0;
			defaultConfigurationName = Release;
		};
		682981D11FBAFA5E00183CB6 /* Build configuration list for PBXNativeTarget "Firebase-snapchat" */ = {
			isa = XCConfigurationList;
			buildConfigurations = (
				682981D21FBAFA5E00183CB6 /* Debug */,
				682981D31FBAFA5E00183CB6 /* Release */,
			);
			defaultConfigurationIsVisible = 0;
			defaultConfigurationName = Release;
		};
/* End XCConfigurationList section */
	};
	rootObject = 682981B41FBAFA5E00183CB6 /* Project object */;
}
